
Microsoft Visual Studio Solution File, Format Version 12.00
# Visual Studio Version 16
VisualStudioVersion = 16.0.30907.101
MinimumVisualStudioVersion = 10.0.40219.1
Project("{FAE04EC0-301F-11D3-BF4B-00C04F79EFBC}") = "BDDSpecflowDemo1", "BDDSpecflowDemo1\BDDSpecflowDemo1.csproj", "{47A86847-7C4A-41E1-B68A-DC3D564169C9}"
EndProject
Global
	GlobalSection(SolutionConfigurationPlatforms) = preSolution
		Debug|Any CPU = Debug|Any CPU
		Release|Any CPU = Release|Any CPU
	EndGlobalSection
	GlobalSection(ProjectConfigurationPlatforms) = postSolution
		{47A86847-7C4A-41E1-B68A-DC3D564169C9}.Debug|Any CPU.ActiveCfg = Debug|Any CPU
		{47A86847-7C4A-41E1-B68A-DC3D564169C9}.Debug|Any CPU.Build.0 = Debug|Any CPU
		{47A86847-7C4A-41E1-B68A-DC3D564169C9}.Release|Any CPU.ActiveCfg = Release|Any CPU
		{47A86847-7C4A-41E1-B68A-DC3D564169C9}.Release|Any CPU.Build.0 = Release|Any CPU
	EndGlobalSection
	GlobalSection(SolutionProperties) = preSolution
		HideSolutionNode = FALSE
	EndGlobalSection
	GlobalSection(ExtensibilityGlobals) = postSolution
		SolutionGuid = {C2752A08-598C-4E9E-A3D5-DFE78AE1B208}
	EndGlobalSection
EndGlobal
